// !$*UTF8*$!
{
	archiveVersion = 1;
	classes = {
	};
	objectVersion = 56;
	objects = {

/* Begin PBXBuildFile section */
		630A22552B5E4ECF003D683F /* LoginView.swift in Sources */ = {isa = PBXBuildFile; fileRef = 630A22542B5E4ECF003D683F /* LoginView.swift */; };
		633E6F632AFDF57000A2B425 /* Twitter_CloneApp.swift in Sources */ = {isa = PBXBuildFile; fileRef = 633E6F622AFDF57000A2B425 /* Twitter_CloneApp.swift */; };
		633E6F652AFDF57000A2B425 /* ContentView.swift in Sources */ = {isa = PBXBuildFile; fileRef = 633E6F642AFDF57000A2B425 /* ContentView.swift */; };
		633E6F672AFDF57700A2B425 /* Assets.xcassets in Resources */ = {isa = PBXBuildFile; fileRef = 633E6F662AFDF57700A2B425 /* Assets.xcassets */; };
		633E6F6B2AFDF57700A2B425 /* Preview Assets.xcassets in Resources */ = {isa = PBXBuildFile; fileRef = 633E6F6A2AFDF57700A2B425 /* Preview Assets.xcassets */; };
		633E6F752AFDF57800A2B425 /* Twitter_CloneTests.swift in Sources */ = {isa = PBXBuildFile; fileRef = 633E6F742AFDF57800A2B425 /* Twitter_CloneTests.swift */; };
		633E6F7F2AFDF57800A2B425 /* Twitter_CloneUITests.swift in Sources */ = {isa = PBXBuildFile; fileRef = 633E6F7E2AFDF57800A2B425 /* Twitter_CloneUITests.swift */; };
		633E6F812AFDF57900A2B425 /* Twitter_CloneUITestsLaunchTests.swift in Sources */ = {isa = PBXBuildFile; fileRef = 633E6F802AFDF57900A2B425 /* Twitter_CloneUITestsLaunchTests.swift */; };
		633E6F9C2AFDF70C00A2B425 /* Home.swift in Sources */ = {isa = PBXBuildFile; fileRef = 633E6F9B2AFDF70C00A2B425 /* Home.swift */; };
		633E6F9E2AFE2BCC00A2B425 /* Feed.swift in Sources */ = {isa = PBXBuildFile; fileRef = 633E6F9D2AFE2BCC00A2B425 /* Feed.swift */; };
		633E6FA02AFE2BF600A2B425 /* SearchView.swift in Sources */ = {isa = PBXBuildFile; fileRef = 633E6F9F2AFE2BF600A2B425 /* SearchView.swift */; };
		633E6FA22AFE2C0D00A2B425 /* NotificationView.swift in Sources */ = {isa = PBXBuildFile; fileRef = 633E6FA12AFE2C0D00A2B425 /* NotificationView.swift */; };
		633E6FA42AFE2C2800A2B425 /* MessagesView.swift in Sources */ = {isa = PBXBuildFile; fileRef = 633E6FA32AFE2C2800A2B425 /* MessagesView.swift */; };
		633E6FA62AFE375000A2B425 /* CreateTweetView.swift in Sources */ = {isa = PBXBuildFile; fileRef = 633E6FA52AFE375000A2B425 /* CreateTweetView.swift */; };
		633E6FA82AFE397700A2B425 /* MultilineTextField.swift in Sources */ = {isa = PBXBuildFile; fileRef = 633E6FA72AFE397700A2B425 /* MultilineTextField.swift */; };
		633E6FAA2B01FBC300A2B425 /* TweetCellView.swift in Sources */ = {isa = PBXBuildFile; fileRef = 633E6FA92B01FBC300A2B425 /* TweetCellView.swift */; };
		633E6FAC2B04E48400A2B425 /* SearchCell.swift in Sources */ = {isa = PBXBuildFile; fileRef = 633E6FAB2B04E48400A2B425 /* SearchCell.swift */; };
		633E6FAE2B04FFE600A2B425 /* SearchBar.swift in Sources */ = {isa = PBXBuildFile; fileRef = 633E6FAD2B04FFE600A2B425 /* SearchBar.swift */; };
		637A85BF2B99BFDD000636F3 /* AuthServices.swift in Sources */ = {isa = PBXBuildFile; fileRef = 637A85BE2B99BFDD000636F3 /* AuthServices.swift */; };
		63ACC80A2B98A64600D90ADA /* AuthViewModel.swift in Sources */ = {isa = PBXBuildFile; fileRef = 63ACC8092B98A64600D90ADA /* AuthViewModel.swift */; };
		63ACC80C2B98A66900D90ADA /* User.swift in Sources */ = {isa = PBXBuildFile; fileRef = 63ACC80B2B98A66900D90ADA /* User.swift */; };
		63C96EF62B18913A00BCCEE5 /* UserProfile.swift in Sources */ = {isa = PBXBuildFile; fileRef = 63C96EF52B18913900BCCEE5 /* UserProfile.swift */; };
		63C96EF82B18B5CD00BCCEE5 /* BlurView.swift in Sources */ = {isa = PBXBuildFile; fileRef = 63C96EF72B18B5CD00BCCEE5 /* BlurView.swift */; };
		63C96EFA2B1BE91100BCCEE5 /* TabButton.swift in Sources */ = {isa = PBXBuildFile; fileRef = 63C96EF92B1BE91100BCCEE5 /* TabButton.swift */; };
		63C96EFC2B1DC99E00BCCEE5 /* WelcomeView.swift in Sources */ = {isa = PBXBuildFile; fileRef = 63C96EFB2B1DC99E00BCCEE5 /* WelcomeView.swift */; };
		63C96EFE2B1EFD0C00BCCEE5 /* RegisterView.swift in Sources */ = {isa = PBXBuildFile; fileRef = 63C96EFD2B1EFD0C00BCCEE5 /* RegisterView.swift */; };
		63C96F002B1FA52B00BCCEE5 /* CustomAuthTextField.swift in Sources */ = {isa = PBXBuildFile; fileRef = 63C96EFF2B1FA52B00BCCEE5 /* CustomAuthTextField.swift */; };
		63E473EF2B5A5584000631DC /* SecureAuthTextField.swift in Sources */ = {isa = PBXBuildFile; fileRef = 63E473EE2B5A5584000631DC /* SecureAuthTextField.swift */; };
		63F851DC2B0A687A005998BE /* SearchUserCell.swift in Sources */ = {isa = PBXBuildFile; fileRef = 63F851DB2B0A6879005998BE /* SearchUserCell.swift */; };
		63F851DE2B0A7321005998BE /* Extensions.swift in Sources */ = {isa = PBXBuildFile; fileRef = 63F851DD2B0A7321005998BE /* Extensions.swift */; };
		63F851E02B0A75E9005998BE /* NotificationCell.swift in Sources */ = {isa = PBXBuildFile; fileRef = 63F851DF2B0A75E9005998BE /* NotificationCell.swift */; };
		63F851E22B0A7BC2005998BE /* MessageCell.swift in Sources */ = {isa = PBXBuildFile; fileRef = 63F851E12B0A7BC2005998BE /* MessageCell.swift */; };
		63F851E42B0A9F9D005998BE /* TopBar.swift in Sources */ = {isa = PBXBuildFile; fileRef = 63F851E32B0A9F9D005998BE /* TopBar.swift */; };
		63F851E62B0AA44A005998BE /* MainView.swift in Sources */ = {isa = PBXBuildFile; fileRef = 63F851E52B0AA44A005998BE /* MainView.swift */; };
		63F851E82B0AA5C1005998BE /* SlideMenu.swift in Sources */ = {isa = PBXBuildFile; fileRef = 63F851E72B0AA5C1005998BE /* SlideMenu.swift */; };
		63F851EA2B0B2B46005998BE /* FollowView.swift in Sources */ = {isa = PBXBuildFile; fileRef = 63F851E92B0B2B46005998BE /* FollowView.swift */; };
		63F851EC2B0B344A005998BE /* MenuButton.swift in Sources */ = {isa = PBXBuildFile; fileRef = 63F851EB2B0B3449005998BE /* MenuButton.swift */; };
/* End PBXBuildFile section */

/* Begin PBXContainerItemProxy section */
		633E6F712AFDF57800A2B425 /* PBXContainerItemProxy */ = {
			isa = PBXContainerItemProxy;
			containerPortal = 633E6F572AFDF57000A2B425 /* Project object */;
			proxyType = 1;
			remoteGlobalIDString = 633E6F5E2AFDF57000A2B425;
			remoteInfo = "Twitter Clone";
		};
		633E6F7B2AFDF57800A2B425 /* PBXContainerItemProxy */ = {
			isa = PBXContainerItemProxy;
			containerPortal = 633E6F572AFDF57000A2B425 /* Project object */;
			proxyType = 1;
			remoteGlobalIDString = 633E6F5E2AFDF57000A2B425;
			remoteInfo = "Twitter Clone";
		};
/* End PBXContainerItemProxy section */

/* Begin PBXFileReference section */
		630A22542B5E4ECF003D683F /* LoginView.swift */ = {isa = PBXFileReference; lastKnownFileType = sourcecode.swift; path = LoginView.swift; sourceTree = "<group>"; };
		633E6F5F2AFDF57000A2B425 /* Twitter Clone.app */ = {isa = PBXFileReference; explicitFileType = wrapper.application; includeInIndex = 0; path = "Twitter Clone.app"; sourceTree = BUILT_PRODUCTS_DIR; };
		633E6F622AFDF57000A2B425 /* Twitter_CloneApp.swift */ = {isa = PBXFileReference; lastKnownFileType = sourcecode.swift; path = Twitter_CloneApp.swift; sourceTree = "<group>"; };
		633E6F642AFDF57000A2B425 /* ContentView.swift */ = {isa = PBXFileReference; lastKnownFileType = sourcecode.swift; path = ContentView.swift; sourceTree = "<group>"; };
		633E6F662AFDF57700A2B425 /* Assets.xcassets */ = {isa = PBXFileReference; lastKnownFileType = folder.assetcatalog; path = Assets.xcassets; sourceTree = "<group>"; };
		633E6F682AFDF57700A2B425 /* Twitter_Clone.entitlements */ = {isa = PBXFileReference; lastKnownFileType = text.plist.entitlements; path = Twitter_Clone.entitlements; sourceTree = "<group>"; };
		633E6F6A2AFDF57700A2B425 /* Preview Assets.xcassets */ = {isa = PBXFileReference; lastKnownFileType = folder.assetcatalog; path = "Preview Assets.xcassets"; sourceTree = "<group>"; };
		633E6F702AFDF57800A2B425 /* Twitter CloneTests.xctest */ = {isa = PBXFileReference; explicitFileType = wrapper.cfbundle; includeInIndex = 0; path = "Twitter CloneTests.xctest"; sourceTree = BUILT_PRODUCTS_DIR; };
		633E6F742AFDF57800A2B425 /* Twitter_CloneTests.swift */ = {isa = PBXFileReference; lastKnownFileType = sourcecode.swift; path = Twitter_CloneTests.swift; sourceTree = "<group>"; };
		633E6F7A2AFDF57800A2B425 /* Twitter CloneUITests.xctest */ = {isa = PBXFileReference; explicitFileType = wrapper.cfbundle; includeInIndex = 0; path = "Twitter CloneUITests.xctest"; sourceTree = BUILT_PRODUCTS_DIR; };
		633E6F7E2AFDF57800A2B425 /* Twitter_CloneUITests.swift */ = {isa = PBXFileReference; lastKnownFileType = sourcecode.swift; path = Twitter_CloneUITests.swift; sourceTree = "<group>"; };
		633E6F802AFDF57900A2B425 /* Twitter_CloneUITestsLaunchTests.swift */ = {isa = PBXFileReference; lastKnownFileType = sourcecode.swift; path = Twitter_CloneUITestsLaunchTests.swift; sourceTree = "<group>"; };
		633E6F9B2AFDF70C00A2B425 /* Home.swift */ = {isa = PBXFileReference; lastKnownFileType = sourcecode.swift; path = Home.swift; sourceTree = "<group>"; };
		633E6F9D2AFE2BCC00A2B425 /* Feed.swift */ = {isa = PBXFileReference; lastKnownFileType = sourcecode.swift; path = Feed.swift; sourceTree = "<group>"; };
		633E6F9F2AFE2BF600A2B425 /* SearchView.swift */ = {isa = PBXFileReference; lastKnownFileType = sourcecode.swift; path = SearchView.swift; sourceTree = "<group>"; };
		633E6FA12AFE2C0D00A2B425 /* NotificationView.swift */ = {isa = PBXFileReference; lastKnownFileType = sourcecode.swift; path = NotificationView.swift; sourceTree = "<group>"; };
		633E6FA32AFE2C2800A2B425 /* MessagesView.swift */ = {isa = PBXFileReference; lastKnownFileType = sourcecode.swift; path = MessagesView.swift; sourceTree = "<group>"; };
		633E6FA52AFE375000A2B425 /* CreateTweetView.swift */ = {isa = PBXFileReference; lastKnownFileType = sourcecode.swift; path = CreateTweetView.swift; sourceTree = "<group>"; };
		633E6FA72AFE397700A2B425 /* MultilineTextField.swift */ = {isa = PBXFileReference; lastKnownFileType = sourcecode.swift; path = MultilineTextField.swift; sourceTree = "<group>"; };
		633E6FA92B01FBC300A2B425 /* TweetCellView.swift */ = {isa = PBXFileReference; lastKnownFileType = sourcecode.swift; path = TweetCellView.swift; sourceTree = "<group>"; };
		633E6FAB2B04E48400A2B425 /* SearchCell.swift */ = {isa = PBXFileReference; lastKnownFileType = sourcecode.swift; path = SearchCell.swift; sourceTree = "<group>"; };
		633E6FAD2B04FFE600A2B425 /* SearchBar.swift */ = {isa = PBXFileReference; lastKnownFileType = sourcecode.swift; path = SearchBar.swift; sourceTree = "<group>"; };
		637A85BE2B99BFDD000636F3 /* AuthServices.swift */ = {isa = PBXFileReference; lastKnownFileType = sourcecode.swift; path = AuthServices.swift; sourceTree = "<group>"; };
		63ACC8092B98A64600D90ADA /* AuthViewModel.swift */ = {isa = PBXFileReference; lastKnownFileType = sourcecode.swift; path = AuthViewModel.swift; sourceTree = "<group>"; };
		63ACC80B2B98A66900D90ADA /* User.swift */ = {isa = PBXFileReference; lastKnownFileType = sourcecode.swift; path = User.swift; sourceTree = "<group>"; };
		63C96EF52B18913900BCCEE5 /* UserProfile.swift */ = {isa = PBXFileReference; lastKnownFileType = sourcecode.swift; path = UserProfile.swift; sourceTree = "<group>"; };
		63C96EF72B18B5CD00BCCEE5 /* BlurView.swift */ = {isa = PBXFileReference; lastKnownFileType = sourcecode.swift; path = BlurView.swift; sourceTree = "<group>"; };
		63C96EF92B1BE91100BCCEE5 /* TabButton.swift */ = {isa = PBXFileReference; lastKnownFileType = sourcecode.swift; path = TabButton.swift; sourceTree = "<group>"; };
		63C96EFB2B1DC99E00BCCEE5 /* WelcomeView.swift */ = {isa = PBXFileReference; lastKnownFileType = sourcecode.swift; path = WelcomeView.swift; sourceTree = "<group>"; };
		63C96EFD2B1EFD0C00BCCEE5 /* RegisterView.swift */ = {isa = PBXFileReference; lastKnownFileType = sourcecode.swift; path = RegisterView.swift; sourceTree = "<group>"; };
		63C96EFF2B1FA52B00BCCEE5 /* CustomAuthTextField.swift */ = {isa = PBXFileReference; lastKnownFileType = sourcecode.swift; path = CustomAuthTextField.swift; sourceTree = "<group>"; };
		63E473EE2B5A5584000631DC /* SecureAuthTextField.swift */ = {isa = PBXFileReference; lastKnownFileType = sourcecode.swift; path = SecureAuthTextField.swift; sourceTree = "<group>"; };
		63F851DB2B0A6879005998BE /* SearchUserCell.swift */ = {isa = PBXFileReference; lastKnownFileType = sourcecode.swift; path = SearchUserCell.swift; sourceTree = "<group>"; };
		63F851DD2B0A7321005998BE /* Extensions.swift */ = {isa = PBXFileReference; lastKnownFileType = sourcecode.swift; path = Extensions.swift; sourceTree = "<group>"; };
		63F851DF2B0A75E9005998BE /* NotificationCell.swift */ = {isa = PBXFileReference; lastKnownFileType = sourcecode.swift; path = NotificationCell.swift; sourceTree = "<group>"; };
		63F851E12B0A7BC2005998BE /* MessageCell.swift */ = {isa = PBXFileReference; lastKnownFileType = sourcecode.swift; path = MessageCell.swift; sourceTree = "<group>"; };
		63F851E32B0A9F9D005998BE /* TopBar.swift */ = {isa = PBXFileReference; lastKnownFileType = sourcecode.swift; path = TopBar.swift; sourceTree = "<group>"; };
		63F851E52B0AA44A005998BE /* MainView.swift */ = {isa = PBXFileReference; lastKnownFileType = sourcecode.swift; path = MainView.swift; sourceTree = "<group>"; };
		63F851E72B0AA5C1005998BE /* SlideMenu.swift */ = {isa = PBXFileReference; lastKnownFileType = sourcecode.swift; path = SlideMenu.swift; sourceTree = "<group>"; };
		63F851E92B0B2B46005998BE /* FollowView.swift */ = {isa = PBXFileReference; lastKnownFileType = sourcecode.swift; path = FollowView.swift; sourceTree = "<group>"; };
		63F851EB2B0B3449005998BE /* MenuButton.swift */ = {isa = PBXFileReference; lastKnownFileType = sourcecode.swift; path = MenuButton.swift; sourceTree = "<group>"; };
/* End PBXFileReference section */

/* Begin PBXFrameworksBuildPhase section */
		633E6F5C2AFDF57000A2B425 /* Frameworks */ = {
			isa = PBXFrameworksBuildPhase;
			buildActionMask = 2147483647;
			files = (
			);
			runOnlyForDeploymentPostprocessing = 0;
		};
		633E6F6D2AFDF57800A2B425 /* Frameworks */ = {
			isa = PBXFrameworksBuildPhase;
			buildActionMask = 2147483647;
			files = (
			);
			runOnlyForDeploymentPostprocessing = 0;
		};
		633E6F772AFDF57800A2B425 /* Frameworks */ = {
			isa = PBXFrameworksBuildPhase;
			buildActionMask = 2147483647;
			files = (
			);
			runOnlyForDeploymentPostprocessing = 0;
		};
/* End PBXFrameworksBuildPhase section */

/* Begin PBXGroup section */
		633E6F562AFDF57000A2B425 = {
			isa = PBXGroup;
			children = (
				633E6F612AFDF57000A2B425 /* Twitter Clone */,
				633E6F732AFDF57800A2B425 /* Twitter CloneTests */,
				633E6F7D2AFDF57800A2B425 /* Twitter CloneUITests */,
				633E6F602AFDF57000A2B425 /* Products */,
			);
			sourceTree = "<group>";
		};
		633E6F602AFDF57000A2B425 /* Products */ = {
			isa = PBXGroup;
			children = (
				633E6F5F2AFDF57000A2B425 /* Twitter Clone.app */,
				633E6F702AFDF57800A2B425 /* Twitter CloneTests.xctest */,
				633E6F7A2AFDF57800A2B425 /* Twitter CloneUITests.xctest */,
			);
			name = Products;
			sourceTree = "<group>";
		};
		633E6F612AFDF57000A2B425 /* Twitter Clone */ = {
			isa = PBXGroup;
			children = (
				633E6F912AFDF61E00A2B425 /* Extensions */,
				633E6F902AFDF61200A2B425 /* Services */,
				633E6F8F2AFDF60600A2B425 /* Model */,
				633E6F8E2AFDF5F800A2B425 /* ViewModel */,
				633E6F8D2AFDF5E700A2B425 /* View */,
				633E6F622AFDF57000A2B425 /* Twitter_CloneApp.swift */,
				633E6F642AFDF57000A2B425 /* ContentView.swift */,
				633E6F662AFDF57700A2B425 /* Assets.xcassets */,
				633E6F682AFDF57700A2B425 /* Twitter_Clone.entitlements */,
				633E6F692AFDF57700A2B425 /* Preview Content */,
			);
			path = "Twitter Clone";
			sourceTree = "<group>";
		};
		633E6F692AFDF57700A2B425 /* Preview Content */ = {
			isa = PBXGroup;
			children = (
				633E6F6A2AFDF57700A2B425 /* Preview Assets.xcassets */,
			);
			path = "Preview Content";
			sourceTree = "<group>";
		};
		633E6F732AFDF57800A2B425 /* Twitter CloneTests */ = {
			isa = PBXGroup;
			children = (
				633E6F742AFDF57800A2B425 /* Twitter_CloneTests.swift */,
			);
			path = "Twitter CloneTests";
			sourceTree = "<group>";
		};
		633E6F7D2AFDF57800A2B425 /* Twitter CloneUITests */ = {
			isa = PBXGroup;
			children = (
				633E6F7E2AFDF57800A2B425 /* Twitter_CloneUITests.swift */,
				633E6F802AFDF57900A2B425 /* Twitter_CloneUITestsLaunchTests.swift */,
			);
			path = "Twitter CloneUITests";
			sourceTree = "<group>";
		};
		633E6F8D2AFDF5E700A2B425 /* View */ = {
			isa = PBXGroup;
			children = (
				633E6F9A2AFDF6BE00A2B425 /* Main */,
				633E6F992AFDF6B400A2B425 /* Feed */,
				633E6F982AFDF6A700A2B425 /* Search */,
				633E6F972AFDF69E00A2B425 /* Notifications */,
				633E6F962AFDF68E00A2B425 /* Messages */,
				633E6F952AFDF68100A2B425 /* Authentications */,
				633E6F942AFDF67900A2B425 /* Items */,
				633E6F932AFDF67300A2B425 /* Post */,
				633E6F922AFDF66400A2B425 /* Profile */,
			);
			path = View;
			sourceTree = "<group>";
		};
		633E6F8E2AFDF5F800A2B425 /* ViewModel */ = {
			isa = PBXGroup;
			children = (
				63ACC8092B98A64600D90ADA /* AuthViewModel.swift */,
			);
			path = ViewModel;
			sourceTree = "<group>";
		};
		633E6F8F2AFDF60600A2B425 /* Model */ = {
			isa = PBXGroup;
			children = (
				63ACC80B2B98A66900D90ADA /* User.swift */,
			);
			path = Model;
			sourceTree = "<group>";
		};
		633E6F902AFDF61200A2B425 /* Services */ = {
			isa = PBXGroup;
			children = (
				637A85BE2B99BFDD000636F3 /* AuthServices.swift */,
			);
			path = Services;
			sourceTree = "<group>";
		};
		633E6F912AFDF61E00A2B425 /* Extensions */ = {
			isa = PBXGroup;
			children = (
				63F851DD2B0A7321005998BE /* Extensions.swift */,
			);
			path = Extensions;
			sourceTree = "<group>";
		};
		633E6F922AFDF66400A2B425 /* Profile */ = {
			isa = PBXGroup;
			children = (
				63C96EF52B18913900BCCEE5 /* UserProfile.swift */,
				63C96EF72B18B5CD00BCCEE5 /* BlurView.swift */,
			);
			path = Profile;
			sourceTree = "<group>";
		};
		633E6F932AFDF67300A2B425 /* Post */ = {
			isa = PBXGroup;
			children = (
				633E6FA52AFE375000A2B425 /* CreateTweetView.swift */,
			);
			path = Post;
			sourceTree = "<group>";
		};
		633E6F942AFDF67900A2B425 /* Items */ = {
			isa = PBXGroup;
			children = (
				633E6FA72AFE397700A2B425 /* MultilineTextField.swift */,
				633E6FAD2B04FFE600A2B425 /* SearchBar.swift */,
				63F851E92B0B2B46005998BE /* FollowView.swift */,
				63F851EB2B0B3449005998BE /* MenuButton.swift */,
				63C96EF92B1BE91100BCCEE5 /* TabButton.swift */,
				63C96EFF2B1FA52B00BCCEE5 /* CustomAuthTextField.swift */,
				63E473EE2B5A5584000631DC /* SecureAuthTextField.swift */,
			);
			path = Items;
			sourceTree = "<group>";
		};
		633E6F952AFDF68100A2B425 /* Authentications */ = {
			isa = PBXGroup;
			children = (
				63C96EFB2B1DC99E00BCCEE5 /* WelcomeView.swift */,
				63C96EFD2B1EFD0C00BCCEE5 /* RegisterView.swift */,
				630A22542B5E4ECF003D683F /* LoginView.swift */,
			);
			path = Authentications;
			sourceTree = "<group>";
		};
		633E6F962AFDF68E00A2B425 /* Messages */ = {
			isa = PBXGroup;
			children = (
				633E6FA32AFE2C2800A2B425 /* MessagesView.swift */,
				63F851E12B0A7BC2005998BE /* MessageCell.swift */,
			);
			path = Messages;
			sourceTree = "<group>";
		};
		633E6F972AFDF69E00A2B425 /* Notifications */ = {
			isa = PBXGroup;
			children = (
				633E6FA12AFE2C0D00A2B425 /* NotificationView.swift */,
				63F851DF2B0A75E9005998BE /* NotificationCell.swift */,
			);
			path = Notifications;
			sourceTree = "<group>";
		};
		633E6F982AFDF6A700A2B425 /* Search */ = {
			isa = PBXGroup;
			children = (
				633E6F9F2AFE2BF600A2B425 /* SearchView.swift */,
				633E6FAB2B04E48400A2B425 /* SearchCell.swift */,
				63F851DB2B0A6879005998BE /* SearchUserCell.swift */,
			);
			path = Search;
			sourceTree = "<group>";
		};
		633E6F992AFDF6B400A2B425 /* Feed */ = {
			isa = PBXGroup;
			children = (
				633E6F9D2AFE2BCC00A2B425 /* Feed.swift */,
				633E6FA92B01FBC300A2B425 /* TweetCellView.swift */,
			);
			path = Feed;
			sourceTree = "<group>";
		};
		633E6F9A2AFDF6BE00A2B425 /* Main */ = {
			isa = PBXGroup;
			children = (
				633E6F9B2AFDF70C00A2B425 /* Home.swift */,
				63F851E32B0A9F9D005998BE /* TopBar.swift */,
				63F851E52B0AA44A005998BE /* MainView.swift */,
				63F851E72B0AA5C1005998BE /* SlideMenu.swift */,
			);
			path = Main;
			sourceTree = "<group>";
		};
/* End PBXGroup section */

/* Begin PBXNativeTarget section */
		633E6F5E2AFDF57000A2B425 /* Twitter Clone */ = {
			isa = PBXNativeTarget;
			buildConfigurationList = 633E6F842AFDF57900A2B425 /* Build configuration list for PBXNativeTarget "Twitter Clone" */;
			buildPhases = (
				633E6F5B2AFDF57000A2B425 /* Sources */,
				633E6F5C2AFDF57000A2B425 /* Frameworks */,
				633E6F5D2AFDF57000A2B425 /* Resources */,
			);
			buildRules = (
			);
			dependencies = (
			);
			name = "Twitter Clone";
			productName = "Twitter Clone";
			productReference = 633E6F5F2AFDF57000A2B425 /* Twitter Clone.app */;
			productType = "com.apple.product-type.application";
		};
		633E6F6F2AFDF57800A2B425 /* Twitter CloneTests */ = {
			isa = PBXNativeTarget;
			buildConfigurationList = 633E6F872AFDF57900A2B425 /* Build configuration list for PBXNativeTarget "Twitter CloneTests" */;
			buildPhases = (
				633E6F6C2AFDF57800A2B425 /* Sources */,
				633E6F6D2AFDF57800A2B425 /* Frameworks */,
				633E6F6E2AFDF57800A2B425 /* Resources */,
			);
			buildRules = (
			);
			dependencies = (
				633E6F722AFDF57800A2B425 /* PBXTargetDependency */,
			);
			name = "Twitter CloneTests";
			productName = "Twitter CloneTests";
			productReference = 633E6F702AFDF57800A2B425 /* Twitter CloneTests.xctest */;
			productType = "com.apple.product-type.bundle.unit-test";
		};
		633E6F792AFDF57800A2B425 /* Twitter CloneUITests */ = {
			isa = PBXNativeTarget;
			buildConfigurationList = 633E6F8A2AFDF57900A2B425 /* Build configuration list for PBXNativeTarget "Twitter CloneUITests" */;
			buildPhases = (
				633E6F762AFDF57800A2B425 /* Sources */,
				633E6F772AFDF57800A2B425 /* Frameworks */,
				633E6F782AFDF57800A2B425 /* Resources */,
			);
			buildRules = (
			);
			dependencies = (
				633E6F7C2AFDF57800A2B425 /* PBXTargetDependency */,
			);
			name = "Twitter CloneUITests";
			productName = "Twitter CloneUITests";
			productReference = 633E6F7A2AFDF57800A2B425 /* Twitter CloneUITests.xctest */;
			productType = "com.apple.product-type.bundle.ui-testing";
		};
/* End PBXNativeTarget section */

/* Begin PBXProject section */
		633E6F572AFDF57000A2B425 /* Project object */ = {
			isa = PBXProject;
			attributes = {
				BuildIndependentTargetsInParallel = 1;
				LastSwiftUpdateCheck = 1510;
				LastUpgradeCheck = 1510;
				TargetAttributes = {
					633E6F5E2AFDF57000A2B425 = {
						CreatedOnToolsVersion = 15.1;
					};
					633E6F6F2AFDF57800A2B425 = {
						CreatedOnToolsVersion = 15.1;
						TestTargetID = 633E6F5E2AFDF57000A2B425;
					};
					633E6F792AFDF57800A2B425 = {
						CreatedOnToolsVersion = 15.1;
						TestTargetID = 633E6F5E2AFDF57000A2B425;
					};
				};
			};
			buildConfigurationList = 633E6F5A2AFDF57000A2B425 /* Build configuration list for PBXProject "Twitter Clone" */;
			compatibilityVersion = "Xcode 14.0";
			developmentRegion = en;
			hasScannedForEncodings = 0;
			knownRegions = (
				en,
				Base,
			);
			mainGroup = 633E6F562AFDF57000A2B425;
			productRefGroup = 633E6F602AFDF57000A2B425 /* Products */;
			projectDirPath = "";
			projectRoot = "";
			targets = (
				633E6F5E2AFDF57000A2B425 /* Twitter Clone */,
				633E6F6F2AFDF57800A2B425 /* Twitter CloneTests */,
				633E6F792AFDF57800A2B425 /* Twitter CloneUITests */,
			);
		};
/* End PBXProject section */

/* Begin PBXResourcesBuildPhase section */
		633E6F5D2AFDF57000A2B425 /* Resources */ = {
			isa = PBXResourcesBuildPhase;
			buildActionMask = 2147483647;
			files = (
				633E6F6B2AFDF57700A2B425 /* Preview Assets.xcassets in Resources */,
				633E6F672AFDF57700A2B425 /* Assets.xcassets in Resources */,
			);
			runOnlyForDeploymentPostprocessing = 0;
		};
		633E6F6E2AFDF57800A2B425 /* Resources */ = {
			isa = PBXResourcesBuildPhase;
			buildActionMask = 2147483647;
			files = (
			);
			runOnlyForDeploymentPostprocessing = 0;
		};
		633E6F782AFDF57800A2B425 /* Resources */ = {
			isa = PBXResourcesBuildPhase;
			buildActionMask = 2147483647;
			files = (
			);
			runOnlyForDeploymentPostprocessing = 0;
		};
/* End PBXResourcesBuildPhase section */

/* Begin PBXSourcesBuildPhase section */
		633E6F5B2AFDF57000A2B425 /* Sources */ = {
			isa = PBXSourcesBuildPhase;
			buildActionMask = 2147483647;
			files = (
				633E6FAA2B01FBC300A2B425 /* TweetCellView.swift in Sources */,
				630A22552B5E4ECF003D683F /* LoginView.swift in Sources */,
				63F851E62B0AA44A005998BE /* MainView.swift in Sources */,
				637A85BF2B99BFDD000636F3 /* AuthServices.swift in Sources */,
				63C96EF82B18B5CD00BCCEE5 /* BlurView.swift in Sources */,
				63ACC80C2B98A66900D90ADA /* User.swift in Sources */,
				63F851EC2B0B344A005998BE /* MenuButton.swift in Sources */,
				63F851E22B0A7BC2005998BE /* MessageCell.swift in Sources */,
				633E6FAC2B04E48400A2B425 /* SearchCell.swift in Sources */,
				633E6FA62AFE375000A2B425 /* CreateTweetView.swift in Sources */,
				63F851E82B0AA5C1005998BE /* SlideMenu.swift in Sources */,
				633E6FA02AFE2BF600A2B425 /* SearchView.swift in Sources */,
				63F851DC2B0A687A005998BE /* SearchUserCell.swift in Sources */,
				633E6F652AFDF57000A2B425 /* ContentView.swift in Sources */,
				633E6FAE2B04FFE600A2B425 /* SearchBar.swift in Sources */,
				633E6F9E2AFE2BCC00A2B425 /* Feed.swift in Sources */,
				63F851E42B0A9F9D005998BE /* TopBar.swift in Sources */,
				633E6F9C2AFDF70C00A2B425 /* Home.swift in Sources */,
				63C96F002B1FA52B00BCCEE5 /* CustomAuthTextField.swift in Sources */,
				63C96EFE2B1EFD0C00BCCEE5 /* RegisterView.swift in Sources */,
				63F851EA2B0B2B46005998BE /* FollowView.swift in Sources */,
				633E6FA42AFE2C2800A2B425 /* MessagesView.swift in Sources */,
				63ACC80A2B98A64600D90ADA /* AuthViewModel.swift in Sources */,
				63C96EF62B18913A00BCCEE5 /* UserProfile.swift in Sources */,
				633E6FA82AFE397700A2B425 /* MultilineTextField.swift in Sources */,
				633E6F632AFDF57000A2B425 /* Twitter_CloneApp.swift in Sources */,
				63E473EF2B5A5584000631DC /* SecureAuthTextField.swift in Sources */,
				63C96EFC2B1DC99E00BCCEE5 /* WelcomeView.swift in Sources */,
				633E6FA22AFE2C0D00A2B425 /* NotificationView.swift in Sources */,
				63C96EFA2B1BE91100BCCEE5 /* TabButton.swift in Sources */,
				63F851E02B0A75E9005998BE /* NotificationCell.swift in Sources */,
				63F851DE2B0A7321005998BE /* Extensions.swift in Sources */,
			);
			runOnlyForDeploymentPostprocessing = 0;
		};
		633E6F6C2AFDF57800A2B425 /* Sources */ = {
			isa = PBXSourcesBuildPhase;
			buildActionMask = 2147483647;
			files = (
				633E6F752AFDF57800A2B425 /* Twitter_CloneTests.swift in Sources */,
			);
			runOnlyForDeploymentPostprocessing = 0;
		};
		633E6F762AFDF57800A2B425 /* Sources */ = {
			isa = PBXSourcesBuildPhase;
			buildActionMask = 2147483647;
			files = (
				633E6F812AFDF57900A2B425 /* Twitter_CloneUITestsLaunchTests.swift in Sources */,
				633E6F7F2AFDF57800A2B425 /* Twitter_CloneUITests.swift in Sources */,
			);
			runOnlyForDeploymentPostprocessing = 0;
		};
/* End PBXSourcesBuildPhase section */

/* Begin PBXTargetDependency section */
		633E6F722AFDF57800A2B425 /* PBXTargetDependency */ = {
			isa = PBXTargetDependency;
			target = 633E6F5E2AFDF57000A2B425 /* Twitter Clone */;
			targetProxy = 633E6F712AFDF57800A2B425 /* PBXContainerItemProxy */;
		};
		633E6F7C2AFDF57800A2B425 /* PBXTargetDependency */ = {
			isa = PBXTargetDependency;
			target = 633E6F5E2AFDF57000A2B425 /* Twitter Clone */;
			targetProxy = 633E6F7B2AFDF57800A2B425 /* PBXContainerItemProxy */;
		};
/* End PBXTargetDependency section */

/* Begin XCBuildConfiguration section */
		633E6F822AFDF57900A2B425 /* Debug */ = {
			isa = XCBuildConfiguration;
			buildSettings = {
				ALWAYS_SEARCH_USER_PATHS = NO;
				ASSETCATALOG_COMPILER_GENERATE_SWIFT_ASSET_SYMBOL_EXTENSIONS = YES;
				CLANG_ANALYZER_NONNULL = YES;
				CLANG_ANALYZER_NUMBER_OBJECT_CONVERSION = YES_AGGRESSIVE;
				CLANG_CXX_LANGUAGE_STANDARD = "gnu++20";
				CLANG_ENABLE_MODULES = YES;
				CLANG_ENABLE_OBJC_ARC = YES;
				CLANG_ENABLE_OBJC_WEAK = YES;
				CLANG_WARN_BLOCK_CAPTURE_AUTORELEASING = YES;
				CLANG_WARN_BOOL_CONVERSION = YES;
				CLANG_WARN_COMMA = YES;
				CLANG_WARN_CONSTANT_CONVERSION = YES;
				CLANG_WARN_DEPRECATED_OBJC_IMPLEMENTATIONS = YES;
				CLANG_WARN_DIRECT_OBJC_ISA_USAGE = YES_ERROR;
				CLANG_WARN_DOCUMENTATION_COMMENTS = YES;
				CLANG_WARN_EMPTY_BODY = YES;
				CLANG_WARN_ENUM_CONVERSION = YES;
				CLANG_WARN_INFINITE_RECURSION = YES;
				CLANG_WARN_INT_CONVERSION = YES;
				CLANG_WARN_NON_LITERAL_NULL_CONVERSION = YES;
				CLANG_WARN_OBJC_IMPLICIT_RETAIN_SELF = YES;
				CLANG_WARN_OBJC_LITERAL_CONVERSION = YES;
				CLANG_WARN_OBJC_ROOT_CLASS = YES_ERROR;
				CLANG_WARN_QUOTED_INCLUDE_IN_FRAMEWORK_HEADER = YES;
				CLANG_WARN_RANGE_LOOP_ANALYSIS = YES;
				CLANG_WARN_STRICT_PROTOTYPES = YES;
				CLANG_WARN_SUSPICIOUS_MOVE = YES;
				CLANG_WARN_UNGUARDED_AVAILABILITY = YES_AGGRESSIVE;
				CLANG_WARN_UNREACHABLE_CODE = YES;
				CLANG_WARN__DUPLICATE_METHOD_MATCH = YES;
				COPY_PHASE_STRIP = NO;
				DEBUG_INFORMATION_FORMAT = dwarf;
				ENABLE_STRICT_OBJC_MSGSEND = YES;
				ENABLE_TESTABILITY = YES;
				ENABLE_USER_SCRIPT_SANDBOXING = YES;
				GCC_C_LANGUAGE_STANDARD = gnu17;
				GCC_DYNAMIC_NO_PIC = NO;
				GCC_NO_COMMON_BLOCKS = YES;
				GCC_OPTIMIZATION_LEVEL = 0;
				GCC_PREPROCESSOR_DEFINITIONS = (
					"DEBUG=1",
					"$(inherited)",
				);
				GCC_WARN_64_TO_32_BIT_CONVERSION = YES;
				GCC_WARN_ABOUT_RETURN_TYPE = YES_ERROR;
				GCC_WARN_UNDECLARED_SELECTOR = YES;
				GCC_WARN_UNINITIALIZED_AUTOS = YES_AGGRESSIVE;
				GCC_WARN_UNUSED_FUNCTION = YES;
				GCC_WARN_UNUSED_VARIABLE = YES;
				LOCALIZATION_PREFERS_STRING_CATALOGS = YES;
				MTL_ENABLE_DEBUG_INFO = INCLUDE_SOURCE;
				MTL_FAST_MATH = YES;
				ONLY_ACTIVE_ARCH = YES;
				SWIFT_ACTIVE_COMPILATION_CONDITIONS = "DEBUG $(inherited)";
				SWIFT_OPTIMIZATION_LEVEL = "-Onone";
			};
			name = Debug;
		};
		633E6F832AFDF57900A2B425 /* Release */ = {
			isa = XCBuildConfiguration;
			buildSettings = {
				ALWAYS_SEARCH_USER_PATHS = NO;
				ASSETCATALOG_COMPILER_GENERATE_SWIFT_ASSET_SYMBOL_EXTENSIONS = YES;
				CLANG_ANALYZER_NONNULL = YES;
				CLANG_ANALYZER_NUMBER_OBJECT_CONVERSION = YES_AGGRESSIVE;
				CLANG_CXX_LANGUAGE_STANDARD = "gnu++20";
				CLANG_ENABLE_MODULES = YES;
				CLANG_ENABLE_OBJC_ARC = YES;
				CLANG_ENABLE_OBJC_WEAK = YES;
				CLANG_WARN_BLOCK_CAPTURE_AUTORELEASING = YES;
				CLANG_WARN_BOOL_CONVERSION = YES;
				CLANG_WARN_COMMA = YES;
				CLANG_WARN_CONSTANT_CONVERSION = YES;
				CLANG_WARN_DEPRECATED_OBJC_IMPLEMENTATIONS = YES;
				CLANG_WARN_DIRECT_OBJC_ISA_USAGE = YES_ERROR;
				CLANG_WARN_DOCUMENTATION_COMMENTS = YES;
				CLANG_WARN_EMPTY_BODY = YES;
				CLANG_WARN_ENUM_CONVERSION = YES;
				CLANG_WARN_INFINITE_RECURSION = YES;
				CLANG_WARN_INT_CONVERSION = YES;
				CLANG_WARN_NON_LITERAL_NULL_CONVERSION = YES;
				CLANG_WARN_OBJC_IMPLICIT_RETAIN_SELF = YES;
				CLANG_WARN_OBJC_LITERAL_CONVERSION = YES;
				CLANG_WARN_OBJC_ROOT_CLASS = YES_ERROR;
				CLANG_WARN_QUOTED_INCLUDE_IN_FRAMEWORK_HEADER = YES;
				CLANG_WARN_RANGE_LOOP_ANALYSIS = YES;
				CLANG_WARN_STRICT_PROTOTYPES = YES;
				CLANG_WARN_SUSPICIOUS_MOVE = YES;
				CLANG_WARN_UNGUARDED_AVAILABILITY = YES_AGGRESSIVE;
				CLANG_WARN_UNREACHABLE_CODE = YES;
				CLANG_WARN__DUPLICATE_METHOD_MATCH = YES;
				COPY_PHASE_STRIP = NO;
				DEBUG_INFORMATION_FORMAT = "dwarf-with-dsym";
				ENABLE_NS_ASSERTIONS = NO;
				ENABLE_STRICT_OBJC_MSGSEND = YES;
				ENABLE_USER_SCRIPT_SANDBOXING = YES;
				GCC_C_LANGUAGE_STANDARD = gnu17;
				GCC_NO_COMMON_BLOCKS = YES;
				GCC_WARN_64_TO_32_BIT_CONVERSION = YES;
				GCC_WARN_ABOUT_RETURN_TYPE = YES_ERROR;
				GCC_WARN_UNDECLARED_SELECTOR = YES;
				GCC_WARN_UNINITIALIZED_AUTOS = YES_AGGRESSIVE;
				GCC_WARN_UNUSED_FUNCTION = YES;
				GCC_WARN_UNUSED_VARIABLE = YES;
				LOCALIZATION_PREFERS_STRING_CATALOGS = YES;
				MTL_ENABLE_DEBUG_INFO = NO;
				MTL_FAST_MATH = YES;
				SWIFT_COMPILATION_MODE = wholemodule;
			};
			name = Release;
		};
		633E6F852AFDF57900A2B425 /* Debug */ = {
			isa = XCBuildConfiguration;
			buildSettings = {
				ASSETCATALOG_COMPILER_APPICON_NAME = AppIcon;
				ASSETCATALOG_COMPILER_GLOBAL_ACCENT_COLOR_NAME = AccentColor;
				CODE_SIGN_ENTITLEMENTS = "Twitter Clone/Twitter_Clone.entitlements";
				CODE_SIGN_STYLE = Automatic;
				CURRENT_PROJECT_VERSION = 1;
				DEVELOPMENT_ASSET_PATHS = "\"Twitter Clone/Preview Content\"";
				ENABLE_PREVIEWS = YES;
				GENERATE_INFOPLIST_FILE = YES;
				"INFOPLIST_KEY_UIApplicationSceneManifest_Generation[sdk=iphoneos*]" = YES;
				"INFOPLIST_KEY_UIApplicationSceneManifest_Generation[sdk=iphonesimulator*]" = YES;
				"INFOPLIST_KEY_UIApplicationSupportsIndirectInputEvents[sdk=iphoneos*]" = YES;
				"INFOPLIST_KEY_UIApplicationSupportsIndirectInputEvents[sdk=iphonesimulator*]" = YES;
				"INFOPLIST_KEY_UILaunchScreen_Generation[sdk=iphoneos*]" = YES;
				"INFOPLIST_KEY_UILaunchScreen_Generation[sdk=iphonesimulator*]" = YES;
				"INFOPLIST_KEY_UIStatusBarStyle[sdk=iphoneos*]" = UIStatusBarStyleDefault;
				"INFOPLIST_KEY_UIStatusBarStyle[sdk=iphonesimulator*]" = UIStatusBarStyleDefault;
				INFOPLIST_KEY_UISupportedInterfaceOrientations_iPad = "UIInterfaceOrientationPortrait UIInterfaceOrientationPortraitUpsideDown UIInterfaceOrientationLandscapeLeft UIInterfaceOrientationLandscapeRight";
				INFOPLIST_KEY_UISupportedInterfaceOrientations_iPhone = "UIInterfaceOrientationPortrait UIInterfaceOrientationLandscapeLeft UIInterfaceOrientationLandscapeRight";
				IPHONEOS_DEPLOYMENT_TARGET = 17.0;
				LD_RUNPATH_SEARCH_PATHS = "@executable_path/Frameworks";
				"LD_RUNPATH_SEARCH_PATHS[sdk=macosx*]" = "@executable_path/../Frameworks";
				MACOSX_DEPLOYMENT_TARGET = 13.6;
				MARKETING_VERSION = 1.0;
				PRODUCT_BUNDLE_IDENTIFIER = "infinityTech.Twitter-Clone";
				PRODUCT_NAME = "$(TARGET_NAME)";
				SDKROOT = auto;
				SUPPORTED_PLATFORMS = "iphoneos iphonesimulator macosx";
				SWIFT_EMIT_LOC_STRINGS = YES;
				SWIFT_VERSION = 5.0;
				TARGETED_DEVICE_FAMILY = "1,2";
			};
			name = Debug;
		};
		633E6F862AFDF57900A2B425 /* Release */ = {
			isa = XCBuildConfiguration;
			buildSettings = {
				ASSETCATALOG_COMPILER_APPICON_NAME = AppIcon;
				ASSETCATALOG_COMPILER_GLOBAL_ACCENT_COLOR_NAME = AccentColor;
				CODE_SIGN_ENTITLEMENTS = "Twitter Clone/Twitter_Clone.entitlements";
				CODE_SIGN_STYLE = Automatic;
				CURRENT_PROJECT_VERSION = 1;
				DEVELOPMENT_ASSET_PATHS = "\"Twitter Clone/Preview Content\"";
				ENABLE_PREVIEWS = YES;
				GENERATE_INFOPLIST_FILE = YES;
				"INFOPLIST_KEY_UIApplicationSceneManifest_Generation[sdk=iphoneos*]" = YES;
				"INFOPLIST_KEY_UIApplicationSceneManifest_Generation[sdk=iphonesimulator*]" = YES;
				"INFOPLIST_KEY_UIApplicationSupportsIndirectInputEvents[sdk=iphoneos*]" = YES;
				"INFOPLIST_KEY_UIApplicationSupportsIndirectInputEvents[sdk=iphonesimulator*]" = YES;
				"INFOPLIST_KEY_UILaunchScreen_Generation[sdk=iphoneos*]" = YES;
				"INFOPLIST_KEY_UILaunchScreen_Generation[sdk=iphonesimulator*]" = YES;
				"INFOPLIST_KEY_UIStatusBarStyle[sdk=iphoneos*]" = UIStatusBarStyleDefault;
				"INFOPLIST_KEY_UIStatusBarStyle[sdk=iphonesimulator*]" = UIStatusBarStyleDefault;
				INFOPLIST_KEY_UISupportedInterfaceOrientations_iPad = "UIInterfaceOrientationPortrait UIInterfaceOrientationPortraitUpsideDown UIInterfaceOrientationLandscapeLeft UIInterfaceOrientationLandscapeRight";
				INFOPLIST_KEY_UISupportedInterfaceOrientations_iPhone = "UIInterfaceOrientationPortrait UIInterfaceOrientationLandscapeLeft UIInterfaceOrientationLandscapeRight";
				IPHONEOS_DEPLOYMENT_TARGET = 17.0;
				LD_RUNPATH_SEARCH_PATHS = "@executable_path/Frameworks";
				"LD_RUNPATH_SEARCH_PATHS[sdk=macosx*]" = "@executable_path/../Frameworks";
				MACOSX_DEPLOYMENT_TARGET = 13.6;
				MARKETING_VERSION = 1.0;
				PRODUCT_BUNDLE_IDENTIFIER = "infinityTech.Twitter-Clone";
				PRODUCT_NAME = "$(TARGET_NAME)";
				SDKROOT = auto;
				SUPPORTED_PLATFORMS = "iphoneos iphonesimulator macosx";
				SWIFT_EMIT_LOC_STRINGS = YES;
				SWIFT_VERSION = 5.0;
				TARGETED_DEVICE_FAMILY = "1,2";
			};
			name = Release;
		};
		633E6F882AFDF57900A2B425 /* Debug */ = {
			isa = XCBuildConfiguration;
			buildSettings = {
				ALWAYS_EMBED_SWIFT_STANDARD_LIBRARIES = YES;
				BUNDLE_LOADER = "$(TEST_HOST)";
				CODE_SIGN_STYLE = Automatic;
				CURRENT_PROJECT_VERSION = 1;
				GENERATE_INFOPLIST_FILE = YES;
				IPHONEOS_DEPLOYMENT_TARGET = 17.0;
				MACOSX_DEPLOYMENT_TARGET = 13.6;
				MARKETING_VERSION = 1.0;
				PRODUCT_BUNDLE_IDENTIFIER = "infinityTech.Twitter-CloneTests";
				PRODUCT_NAME = "$(TARGET_NAME)";
				SDKROOT = auto;
				SUPPORTED_PLATFORMS = "iphoneos iphonesimulator macosx";
				SWIFT_EMIT_LOC_STRINGS = NO;
				SWIFT_VERSION = 5.0;
				TARGETED_DEVICE_FAMILY = "1,2";
				TEST_HOST = "$(BUILT_PRODUCTS_DIR)/Twitter Clone.app/$(BUNDLE_EXECUTABLE_FOLDER_PATH)/Twitter Clone";
			};
			name = Debug;
		};
		633E6F892AFDF57900A2B425 /* Release */ = {
			isa = XCBuildConfiguration;
			buildSettings = {
				ALWAYS_EMBED_SWIFT_STANDARD_LIBRARIES = YES;
				BUNDLE_LOADER = "$(TEST_HOST)";
				CODE_SIGN_STYLE = Automatic;
				CURRENT_PROJECT_VERSION = 1;
				GENERATE_INFOPLIST_FILE = YES;
				IPHONEOS_DEPLOYMENT_TARGET = 17.0;
				MACOSX_DEPLOYMENT_TARGET = 13.6;
				MARKETING_VERSION = 1.0;
				PRODUCT_BUNDLE_IDENTIFIER = "infinityTech.Twitter-CloneTests";
				PRODUCT_NAME = "$(TARGET_NAME)";
				SDKROOT = auto;
				SUPPORTED_PLATFORMS = "iphoneos iphonesimulator macosx";
				SWIFT_EMIT_LOC_STRINGS = NO;
				SWIFT_VERSION = 5.0;
				TARGETED_DEVICE_FAMILY = "1,2";
				TEST_HOST = "$(BUILT_PRODUCTS_DIR)/Twitter Clone.app/$(BUNDLE_EXECUTABLE_FOLDER_PATH)/Twitter Clone";
			};
			name = Release;
		};
		633E6F8B2AFDF57900A2B425 /* Debug */ = {
			isa = XCBuildConfiguration;
			buildSettings = {
				ALWAYS_EMBED_SWIFT_STANDARD_LIBRARIES = YES;
				CODE_SIGN_STYLE = Automatic;
				CURRENT_PROJECT_VERSION = 1;
				GENERATE_INFOPLIST_FILE = YES;
				IPHONEOS_DEPLOYMENT_TARGET = 17.0;
				MACOSX_DEPLOYMENT_TARGET = 13.6;
				MARKETING_VERSION = 1.0;
				PRODUCT_BUNDLE_IDENTIFIER = "infinityTech.Twitter-CloneUITests";
				PRODUCT_NAME = "$(TARGET_NAME)";
				SDKROOT = auto;
				SUPPORTED_PLATFORMS = "iphoneos iphonesimulator macosx";
				SWIFT_EMIT_LOC_STRINGS = NO;
				SWIFT_VERSION = 5.0;
				TARGETED_DEVICE_FAMILY = "1,2";
				TEST_TARGET_NAME = "Twitter Clone";
			};
			name = Debug;
		};
		633E6F8C2AFDF57900A2B425 /* Release */ = {
			isa = XCBuildConfiguration;
			buildSettings = {
				ALWAYS_EMBED_SWIFT_STANDARD_LIBRARIES = YES;
				CODE_SIGN_STYLE = Automatic;
				CURRENT_PROJECT_VERSION = 1;
				GENERATE_INFOPLIST_FILE = YES;
				IPHONEOS_DEPLOYMENT_TARGET = 17.0;
				MACOSX_DEPLOYMENT_TARGET = 13.6;
				MARKETING_VERSION = 1.0;
				PRODUCT_BUNDLE_IDENTIFIER = "infinityTech.Twitter-CloneUITests";
				PRODUCT_NAME = "$(TARGET_NAME)";
				SDKROOT = auto;
				SUPPORTED_PLATFORMS = "iphoneos iphonesimulator macosx";
				SWIFT_EMIT_LOC_STRINGS = NO;
				SWIFT_VERSION = 5.0;
				TARGETED_DEVICE_FAMILY = "1,2";
				TEST_TARGET_NAME = "Twitter Clone";
			};
			name = Release;
		};
/* End XCBuildConfiguration section */

/* Begin XCConfigurationList section */
		633E6F5A2AFDF57000A2B425 /* Build configuration list for PBXProject "Twitter Clone" */ = {
			isa = XCConfigurationList;
			buildConfigurations = (
				633E6F822AFDF57900A2B425 /* Debug */,
				633E6F832AFDF57900A2B425 /* Release */,
			);
			defaultConfigurationIsVisible = 0;
			defaultConfigurationName = Release;
		};
		633E6F842AFDF57900A2B425 /* Build configuration list for PBXNativeTarget "Twitter Clone" */ = {
			isa = XCConfigurationList;
			buildConfigurations = (
				633E6F852AFDF57900A2B425 /* Debug */,
				633E6F862AFDF57900A2B425 /* Release */,
			);
			defaultConfigurationIsVisible = 0;
			defaultConfigurationName = Release;
		};
		633E6F872AFDF57900A2B425 /* Build configuration list for PBXNativeTarget "Twitter CloneTests" */ = {
			isa = XCConfigurationList;
			buildConfigurations = (
				633E6F882AFDF57900A2B425 /* Debug */,
				633E6F892AFDF57900A2B425 /* Release */,
			);
			defaultConfigurationIsVisible = 0;
			defaultConfigurationName = Release;
		};
		633E6F8A2AFDF57900A2B425 /* Build configuration list for PBXNativeTarget "Twitter CloneUITests" */ = {
			isa = XCConfigurationList;
			buildConfigurations = (
				633E6F8B2AFDF57900A2B425 /* Debug */,
				633E6F8C2AFDF57900A2B425 /* Release */,
			);
			defaultConfigurationIsVisible = 0;
			defaultConfigurationName = Release;
		};
/* End XCConfigurationList section */
	};
	rootObject = 633E6F572AFDF57000A2B425 /* Project object */;
}
